# @generated - this file is auto-generated by `mise lock` https://mise.jdx.dev/dev-tools/mise-lock.html

lockfile_version = 3

[[tools."cargo:cargo-clean-global"]]
version = "1.2.7"
backend = "cargo:cargo-clean-global"
specifiers = ["latest"]

[[tools.rust]]
version = "stable"
backend = "core:rust"
specifiers = ["stable"]
